
Microsoft Visual Studio Solution File, Format Version 12.00
# Visual Studio 15
VisualStudioVersion = 15.0.28307.438
MinimumVisualStudioVersion = 10.0.40219.1
Project("{8BC9CEB8-8B4A-11D0-8D11-00A0C91BC942}") = "UnitTests", "UnitTests\UnitTests.vcxproj", "{42B61494-4820-4B79-B23E-2E6F69E262E4}"
	ProjectSection(ProjectDependencies) = postProject
		{288477E3-0BE3-4EE6-9B76-5376242CC202} = {288477E3-0BE3-4EE6-9B76-5376242CC202}
	EndProjectSection
EndProject
Project("{8BC9CEB8-8B4A-11D0-8D11-00A0C91BC942}") = "NativeConssoleAppAids", "NativeConssoleAppAids\NativeConssoleAppAids.vcxproj", "{288477E3-0BE3-4EE6-9B76-5376242CC202}"
EndProject
Global
	GlobalSection(SolutionConfigurationPlatforms) = preSolution
		Debug_ANSI|ARM = Debug_ANSI|ARM
		Debug_ANSI|ARM64 = Debug_ANSI|ARM64
		Debug_ANSI|x64 = Debug_ANSI|x64
		Debug_ANSI|x86 = Debug_ANSI|x86
		Debug|ARM = Debug|ARM
		Debug|ARM64 = Debug|ARM64
		Debug|x64 = Debug|x64
		Debug|x86 = Debug|x86
		Release_ANSI|ARM = Release_ANSI|ARM
		Release_ANSI|ARM64 = Release_ANSI|ARM64
		Release_ANSI|x64 = Release_ANSI|x64
		Release_ANSI|x86 = Release_ANSI|x86
		Release|ARM = Release|ARM
		Release|ARM64 = Release|ARM64
		Release|x64 = Release|x64
		Release|x86 = Release|x86
	EndGlobalSection
	GlobalSection(ProjectConfigurationPlatforms) = postSolution
		{42B61494-4820-4B79-B23E-2E6F69E262E4}.Debug_ANSI|ARM.ActiveCfg = Debug_ANSI|ARM
		{42B61494-4820-4B79-B23E-2E6F69E262E4}.Debug_ANSI|ARM.Build.0 = Debug_ANSI|ARM
		{42B61494-4820-4B79-B23E-2E6F69E262E4}.Debug_ANSI|ARM64.ActiveCfg = Debug_ANSI|ARM64
		{42B61494-4820-4B79-B23E-2E6F69E262E4}.Debug_ANSI|ARM64.Build.0 = Debug_ANSI|ARM64
		{42B61494-4820-4B79-B23E-2E6F69E262E4}.Debug_ANSI|x64.ActiveCfg = Debug_ANSI|x64
		{42B61494-4820-4B79-B23E-2E6F69E262E4}.Debug_ANSI|x64.Build.0 = Debug_ANSI|x64
		{42B61494-4820-4B79-B23E-2E6F69E262E4}.Debug_ANSI|x86.ActiveCfg = Debug_ANSI|Win32
		{42B61494-4820-4B79-B23E-2E6F69E262E4}.Debug_ANSI|x86.Build.0 = Debug_ANSI|Win32
		{42B61494-4820-4B79-B23E-2E6F69E262E4}.Debug|ARM.ActiveCfg = Debug|ARM
		{42B61494-4820-4B79-B23E-2E6F69E262E4}.Debug|ARM.Build.0 = Debug|ARM
		{42B61494-4820-4B79-B23E-2E6F69E262E4}.Debug|ARM64.ActiveCfg = Debug|ARM64
		{42B61494-4820-4B79-B23E-2E6F69E262E4}.Debug|ARM64.Build.0 = Debug|ARM64
		{42B61494-4820-4B79-B23E-2E6F69E262E4}.Debug|x64.ActiveCfg = Debug|x64
		{42B61494-4820-4B79-B23E-2E6F69E262E4}.Debug|x64.Build.0 = Debug|x64
		{42B61494-4820-4B79-B23E-2E6F69E262E4}.Debug|x86.ActiveCfg = Debug|Win32
		{42B61494-4820-4B79-B23E-2E6F69E262E4}.Debug|x86.Build.0 = Debug|Win32
		{42B61494-4820-4B79-B23E-2E6F69E262E4}.Release_ANSI|ARM.ActiveCfg = Release_ANSI|ARM
		{42B61494-4820-4B79-B23E-2E6F69E262E4}.Release_ANSI|ARM.Build.0 = Release_ANSI|ARM
		{42B61494-4820-4B79-B23E-2E6F69E262E4}.Release_ANSI|ARM64.ActiveCfg = Release_ANSI|ARM64
		{42B61494-4820-4B79-B23E-2E6F69E262E4}.Release_ANSI|ARM64.Build.0 = Release_ANSI|ARM64
		{42B61494-4820-4B79-B23E-2E6F69E262E4}.Release_ANSI|x64.ActiveCfg = Release_ANSI|x64
		{42B61494-4820-4B79-B23E-2E6F69E262E4}.Release_ANSI|x64.Build.0 = Release_ANSI|x64
		{42B61494-4820-4B79-B23E-2E6F69E262E4}.Release_ANSI|x86.ActiveCfg = Release_ANSI|Win32
		{42B61494-4820-4B79-B23E-2E6F69E262E4}.Release_ANSI|x86.Build.0 = Release_ANSI|Win32
		{42B61494-4820-4B79-B23E-2E6F69E262E4}.Release|ARM.ActiveCfg = Release|ARM
		{42B61494-4820-4B79-B23E-2E6F69E262E4}.Release|ARM.Build.0 = Release|ARM
		{42B61494-4820-4B79-B23E-2E6F69E262E4}.Release|ARM64.ActiveCfg = Release|ARM64
		{42B61494-4820-4B79-B23E-2E6F69E262E4}.Release|ARM64.Build.0 = Release|ARM64
		{42B61494-4820-4B79-B23E-2E6F69E262E4}.Release|x64.ActiveCfg = Release|x64
		{42B61494-4820-4B79-B23E-2E6F69E262E4}.Release|x64.Build.0 = Release|x64
		{42B61494-4820-4B79-B23E-2E6F69E262E4}.Release|x86.ActiveCfg = Release|Win32
		{42B61494-4820-4B79-B23E-2E6F69E262E4}.Release|x86.Build.0 = Release|Win32
		{288477E3-0BE3-4EE6-9B76-5376242CC202}.Debug_ANSI|ARM.ActiveCfg = Debug_ANSI|ARM
		{288477E3-0BE3-4EE6-9B76-5376242CC202}.Debug_ANSI|ARM.Build.0 = Debug_ANSI|ARM
		{288477E3-0BE3-4EE6-9B76-5376242CC202}.Debug_ANSI|ARM64.ActiveCfg = Debug_ANSI|ARM64
		{288477E3-0BE3-4EE6-9B76-5376242CC202}.Debug_ANSI|ARM64.Build.0 = Debug_ANSI|ARM64
		{288477E3-0BE3-4EE6-9B76-5376242CC202}.Debug_ANSI|x64.ActiveCfg = Debug_ANSI|x64
		{288477E3-0BE3-4EE6-9B76-5376242CC202}.Debug_ANSI|x64.Build.0 = Debug_ANSI|x64
		{288477E3-0BE3-4EE6-9B76-5376242CC202}.Debug_ANSI|x86.ActiveCfg = Debug_ANSI|Win32
		{288477E3-0BE3-4EE6-9B76-5376242CC202}.Debug_ANSI|x86.Build.0 = Debug_ANSI|Win32
		{288477E3-0BE3-4EE6-9B76-5376242CC202}.Debug|ARM.ActiveCfg = Debug|ARM
		{288477E3-0BE3-4EE6-9B76-5376242CC202}.Debug|ARM.Build.0 = Debug|ARM
		{288477E3-0BE3-4EE6-9B76-5376242CC202}.Debug|ARM64.ActiveCfg = Debug|ARM64
		{288477E3-0BE3-4EE6-9B76-5376242CC202}.Debug|ARM64.Build.0 = Debug|ARM64
		{288477E3-0BE3-4EE6-9B76-5376242CC202}.Debug|x64.ActiveCfg = Debug|x64
		{288477E3-0BE3-4EE6-9B76-5376242CC202}.Debug|x64.Build.0 = Debug|x64
		{288477E3-0BE3-4EE6-9B76-5376242CC202}.Debug|x86.ActiveCfg = Debug|Win32
		{288477E3-0BE3-4EE6-9B76-5376242CC202}.Debug|x86.Build.0 = Debug|Win32
		{288477E3-0BE3-4EE6-9B76-5376242CC202}.Release_ANSI|ARM.ActiveCfg = Release_ANSI|ARM
		{288477E3-0BE3-4EE6-9B76-5376242CC202}.Release_ANSI|ARM.Build.0 = Release_ANSI|ARM
		{288477E3-0BE3-4EE6-9B76-5376242CC202}.Release_ANSI|ARM64.ActiveCfg = Release_ANSI|ARM64
		{288477E3-0BE3-4EE6-9B76-5376242CC202}.Release_ANSI|ARM64.Build.0 = Release_ANSI|ARM64
		{288477E3-0BE3-4EE6-9B76-5376242CC202}.Release_ANSI|x64.ActiveCfg = Release_ANSI|x64
		{288477E3-0BE3-4EE6-9B76-5376242CC202}.Release_ANSI|x64.Build.0 = Release_ANSI|x64
		{288477E3-0BE3-4EE6-9B76-5376242CC202}.Release_ANSI|x86.ActiveCfg = Release_ANSI|Win32
		{288477E3-0BE3-4EE6-9B76-5376242CC202}.Release_ANSI|x86.Build.0 = Release_ANSI|Win32
		{288477E3-0BE3-4EE6-9B76-5376242CC202}.Release|ARM.ActiveCfg = Release|ARM
		{288477E3-0BE3-4EE6-9B76-5376242CC202}.Release|ARM.Build.0 = Release|ARM
		{288477E3-0BE3-4EE6-9B76-5376242CC202}.Release|ARM64.ActiveCfg = Release|ARM64
		{288477E3-0BE3-4EE6-9B76-5376242CC202}.Release|ARM64.Build.0 = Release|ARM64
		{288477E3-0BE3-4EE6-9B76-5376242CC202}.Release|x64.ActiveCfg = Release|x64
		{288477E3-0BE3-4EE6-9B76-5376242CC202}.Release|x64.Build.0 = Release|x64
		{288477E3-0BE3-4EE6-9B76-5376242CC202}.Release|x86.ActiveCfg = Release|Win32
		{288477E3-0BE3-4EE6-9B76-5376242CC202}.Release|x86.Build.0 = Release|Win32
	EndGlobalSection
	GlobalSection(SolutionProperties) = preSolution
		HideSolutionNode = FALSE
	EndGlobalSection
	GlobalSection(ExtensibilityGlobals) = postSolution
		SolutionGuid = {3B561495-7E30-4299-B8F4-3F34FBC65C26}
	EndGlobalSection
EndGlobal
