<?xml version="1.0" encoding="utf-8"?>
<Project ToolsVersion="4.0" xmlns="http://schemas.microsoft.com/developer/msbuild/2003">
  <ItemGroup>
    <ClCompile Include="dllmain.c" />
    <ClCompile Include="FB_FindLineEndA.c" />
    <ClCompile Include="FB_FindLineEndW.c" />
    <ClCompile Include="FB_FormatMessageA.c" />
    <ClCompile Include="FB_FormatMessageW.c" />
    <ClCompile Include="GetExeNameFromWindowsA.c" />
    <ClCompile Include="GetExeNameFromWindowsW.c" />
    <ClCompile Include="GetFileVersionA.c" />
    <ClCompile Include="GetFileVersionW.c" />
    <ClCompile Include="GetANSIStringPointer.c" />
    <ClCompile Include="GetUnicodeStringPointer.c" />
    <ClCompile Include="IsBufFerFromHeap.c" />
    <ClCompile Include="ProgramIDFromArgVA.c" />
    <ClCompile Include="ProgramIDFromArgVW.c" />
    <ClCompile Include="ReportLoadStringErrorA.c" />
    <ClCompile Include="ReportLoadStringErrorW.c" />
    <ClCompile Include="ReportSystemErrorA.c" />
    <ClCompile Include="ReportSystemErrorW.c" />
    <ClCompile Include="ShowPlatformA.c" />
    <ClCompile Include="ShowPlatformW.c" />
    <ClCompile Include="ShowProgramInfoA.c" />
    <ClCompile Include="ShowProgramInfoW.c" />
    <ClCompile Include="CRTWaitForCarbonUnitA.c" />
    <ClCompile Include="CRTWaitForCarbonUnitW.c" />
  </ItemGroup>
  <ItemGroup>
    <ClInclude Include="CharPosMacros_WW.H" />
    <ClInclude Include="Const_Typedefs_WW.H" />
    <ClInclude Include="MathMacros_WW.H" />
    <ClInclude Include="NativeConssoleAppAids.h" />
    <ClInclude Include="NativeConssoleAppAids_Pvt.h" />
    <ClInclude Include="resource.h" />
    <ClInclude Include="targetver.h" />
    <ClInclude Include="TcharMacros_WW.H" />
  </ItemGroup>
  <ItemGroup>
    <ResourceCompile Include="NativeConssoleAppAids.rc" />
  </ItemGroup>
  <ItemGroup>
    <None Include="CRTWaitForCarbonUnit.inl" />
  </ItemGroup>
</Project>