<?xml version="1.0" encoding="utf-8"?>
<Project ToolsVersion="4.0" xmlns="http://schemas.microsoft.com/developer/msbuild/2003">
  <ItemGroup>
    <ClCompile Include="UnitTests.c" />
  </ItemGroup>
  <ItemGroup>
    <ClInclude Include="UnitTests.h" />
    <ClInclude Include="resource.h" />
    <ClInclude Include="NativeStringAids.h" />
  </ItemGroup>
  <ItemGroup>
    <ResourceCompile Include="UnitTests.rc" />
  </ItemGroup>
  <ItemGroup>
    <Image Include="..\..\Create32\WW_Icon1.ico" />
  </ItemGroup>
</Project>